{
  "originHash" : "76a7c7dc5ffee0956d68b626731f13ec78f1adb721f2e685952f7a71f4211fb6",
  "pins" : [
    {
      "identity" : "wwtwelveequaltemperament",
      "kind" : "remoteSourceControl",
      "location" : "https://github.com/William-Weng/WWTwelveEqualTemperament",
      "state" : {
        "revision" : "1e44329f6dd26f1ac996ca72be6f25fbe31cdf1d",
        "version" : "1.0.2"
      }
    }
  ],
  "version" : 3
}
