{
  "originHash" : "76a7c7dc5ffee0956d68b626731f13ec78f1adb721f2e685952f7a71f4211fb6",
  "pins" : [
    {
      "identity" : "wwtwelveequaltemperament",
      "kind" : "remoteSourceControl",
      "location" : "https://github.com/William-Weng/WWTwelveEqualTemperament",
      "state" : {
        "revision" : "29d6ba9725d19f46cefd24f4677cb5854e613676",
        "version" : "1.0.1"
      }
    }
  ],
  "version" : 3
}
